
Microsoft Visual Studio Solution File, Format Version 12.00
# Visual Studio Version 17
VisualStudioVersion = 17.4.33213.308
MinimumVisualStudioVersion = 10.0.40219.1
Project("{9A19103F-16F7-4668-BE54-9A1E7A4F7556}") = "ShoppingCartAdminMetronic", "ShoppingCartAdminMetronic.csproj", "{1D10ED7E-89FA-4E30-821C-5144A2408997}"
EndProject
Project("{FAE04EC0-301F-11D3-BF4B-00C04F79EFBC}") = "ShoppingCartFrontMetronic", "..\ShoppingCartFrontMetronic\ShoppingCartFrontMetronic.csproj", "{ADB3DB93-0D59-4DA1-8E19-225364B52ADC}"
EndProject
Global
	GlobalSection(SolutionConfigurationPlatforms) = preSolution
		Debug|Any CPU = Debug|Any CPU
		Release|Any CPU = Release|Any CPU
	EndGlobalSection
	GlobalSection(ProjectConfigurationPlatforms) = postSolution
		{1D10ED7E-89FA-4E30-821C-5144A2408997}.Debug|Any CPU.ActiveCfg = Debug|Any CPU
		{1D10ED7E-89FA-4E30-821C-5144A2408997}.Debug|Any CPU.Build.0 = Debug|Any CPU
		{1D10ED7E-89FA-4E30-821C-5144A2408997}.Release|Any CPU.ActiveCfg = Release|Any CPU
		{1D10ED7E-89FA-4E30-821C-5144A2408997}.Release|Any CPU.Build.0 = Release|Any CPU
		{ADB3DB93-0D59-4DA1-8E19-225364B52ADC}.Debug|Any CPU.ActiveCfg = Debug|Any CPU
		{ADB3DB93-0D59-4DA1-8E19-225364B52ADC}.Debug|Any CPU.Build.0 = Debug|Any CPU
		{ADB3DB93-0D59-4DA1-8E19-225364B52ADC}.Release|Any CPU.ActiveCfg = Release|Any CPU
		{ADB3DB93-0D59-4DA1-8E19-225364B52ADC}.Release|Any CPU.Build.0 = Release|Any CPU
	EndGlobalSection
	GlobalSection(SolutionProperties) = preSolution
		HideSolutionNode = FALSE
	EndGlobalSection
	GlobalSection(ExtensibilityGlobals) = postSolution
		SolutionGuid = {9B1CCDC7-785A-4129-8BBD-2FBC0D220A06}
	EndGlobalSection
EndGlobal
